
Microsoft Visual Studio Solution File, Format Version 12.00
# Visual Studio Version 17
VisualStudioVersion = 17.2.32505.173
MinimumVisualStudioVersion = 10.0.40219.1
Project("{FAE04EC0-301F-11D3-BF4B-00C04F79EFBC}") = "SignalRCrud", "SignalRCrud\SignalRCrud.csproj", "{BEB57059-7819-4F6B-9D36-B47BB0808790}"
EndProject
Global
	GlobalSection(SolutionConfigurationPlatforms) = preSolution
		Debug|Any CPU = Debug|Any CPU
		Release|Any CPU = Release|Any CPU
	EndGlobalSection
	GlobalSection(ProjectConfigurationPlatforms) = postSolution
		{BEB57059-7819-4F6B-9D36-B47BB0808790}.Debug|Any CPU.ActiveCfg = Debug|Any CPU
		{BEB57059-7819-4F6B-9D36-B47BB0808790}.Debug|Any CPU.Build.0 = Debug|Any CPU
		{BEB57059-7819-4F6B-9D36-B47BB0808790}.Release|Any CPU.ActiveCfg = Release|Any CPU
		{BEB57059-7819-4F6B-9D36-B47BB0808790}.Release|Any CPU.Build.0 = Release|Any CPU
	EndGlobalSection
	GlobalSection(SolutionProperties) = preSolution
		HideSolutionNode = FALSE
	EndGlobalSection
	GlobalSection(ExtensibilityGlobals) = postSolution
		SolutionGuid = {A3D43E9B-726A-44C5-949D-50482B59FD11}
	EndGlobalSection
EndGlobal
